
Microsoft Visual Studio Solution File, Format Version 12.00
# Visual Studio Version 16
VisualStudioVersion = 16.0.32413.511
MinimumVisualStudioVersion = 10.0.40219.1
Project("{FAE04EC0-301F-11D3-BF4B-00C04F79EFBC}") = "SGA.GUI", "SGA.GUI\SGA.GUI.csproj", "{77777CCD-90E3-4528-902A-2C0DBD1A204E}"
EndProject
Project("{FAE04EC0-301F-11D3-BF4B-00C04F79EFBC}") = "SGA.DAL", "..\..\..\Modelo\SGDA\Proyecto\SADAET\DAL\SGA.DAL.csproj", "{46AC153C-E9AB-40B8-B972-6161BC5205D9}"
EndProject
Global
	GlobalSection(SolutionConfigurationPlatforms) = preSolution
		Debug|Any CPU = Debug|Any CPU
		Release|Any CPU = Release|Any CPU
	EndGlobalSection
	GlobalSection(ProjectConfigurationPlatforms) = postSolution
		{77777CCD-90E3-4528-902A-2C0DBD1A204E}.Debug|Any CPU.ActiveCfg = Debug|Any CPU
		{77777CCD-90E3-4528-902A-2C0DBD1A204E}.Debug|Any CPU.Build.0 = Debug|Any CPU
		{77777CCD-90E3-4528-902A-2C0DBD1A204E}.Release|Any CPU.ActiveCfg = Release|Any CPU
		{77777CCD-90E3-4528-902A-2C0DBD1A204E}.Release|Any CPU.Build.0 = Release|Any CPU
		{46AC153C-E9AB-40B8-B972-6161BC5205D9}.Debug|Any CPU.ActiveCfg = Debug|Any CPU
		{46AC153C-E9AB-40B8-B972-6161BC5205D9}.Debug|Any CPU.Build.0 = Debug|Any CPU
		{46AC153C-E9AB-40B8-B972-6161BC5205D9}.Release|Any CPU.ActiveCfg = Release|Any CPU
		{46AC153C-E9AB-40B8-B972-6161BC5205D9}.Release|Any CPU.Build.0 = Release|Any CPU
	EndGlobalSection
	GlobalSection(SolutionProperties) = preSolution
		HideSolutionNode = FALSE
	EndGlobalSection
	GlobalSection(ExtensibilityGlobals) = postSolution
		SolutionGuid = {828DDA07-7003-4DFF-94F6-A6C9A147F222}
	EndGlobalSection
EndGlobal
