
Microsoft Visual Studio Solution File, Format Version 12.00
# Visual Studio Version 16
VisualStudioVersion = 16.0.32413.511
MinimumVisualStudioVersion = 10.0.40219.1
Project("{FAE04EC0-301F-11D3-BF4B-00C04F79EFBC}") = "SistemaGestionAlquiler", "SistemaGestionAlquiler\SistemaGestionAlquiler.csproj", "{80E1AE84-C099-4021-8433-DF8680B8D367}"
EndProject
Global
	GlobalSection(SolutionConfigurationPlatforms) = preSolution
		Debug|Any CPU = Debug|Any CPU
		Release|Any CPU = Release|Any CPU
	EndGlobalSection
	GlobalSection(ProjectConfigurationPlatforms) = postSolution
		{80E1AE84-C099-4021-8433-DF8680B8D367}.Debug|Any CPU.ActiveCfg = Debug|Any CPU
		{80E1AE84-C099-4021-8433-DF8680B8D367}.Debug|Any CPU.Build.0 = Debug|Any CPU
		{80E1AE84-C099-4021-8433-DF8680B8D367}.Release|Any CPU.ActiveCfg = Release|Any CPU
		{80E1AE84-C099-4021-8433-DF8680B8D367}.Release|Any CPU.Build.0 = Release|Any CPU
	EndGlobalSection
	GlobalSection(SolutionProperties) = preSolution
		HideSolutionNode = FALSE
	EndGlobalSection
	GlobalSection(ExtensibilityGlobals) = postSolution
		SolutionGuid = {D4ACE489-A595-49FB-B945-33D0E33FB67F}
	EndGlobalSection
EndGlobal
